
Microsoft Visual Studio Solution File, Format Version 12.00
# Visual Studio Version 17
VisualStudioVersion = 17.0.32014.148
MinimumVisualStudioVersion = 10.0.40219.1
Project("{FAE04EC0-301F-11D3-BF4B-00C04F79EFBC}") = "ConsoleApp2", "ConsoleApp2\ConsoleApp2.csproj", "{AE3A2570-B4F1-4A88-97C8-CB8BA180951D}"
EndProject
Global
	GlobalSection(SolutionConfigurationPlatforms) = preSolution
		Debug|Any CPU = Debug|Any CPU
		Release|Any CPU = Release|Any CPU
	EndGlobalSection
	GlobalSection(ProjectConfigurationPlatforms) = postSolution
		{AE3A2570-B4F1-4A88-97C8-CB8BA180951D}.Debug|Any CPU.ActiveCfg = Debug|Any CPU
		{AE3A2570-B4F1-4A88-97C8-CB8BA180951D}.Debug|Any CPU.Build.0 = Debug|Any CPU
		{AE3A2570-B4F1-4A88-97C8-CB8BA180951D}.Release|Any CPU.ActiveCfg = Release|Any CPU
		{AE3A2570-B4F1-4A88-97C8-CB8BA180951D}.Release|Any CPU.Build.0 = Release|Any CPU
	EndGlobalSection
	GlobalSection(SolutionProperties) = preSolution
		HideSolutionNode = FALSE
	EndGlobalSection
	GlobalSection(ExtensibilityGlobals) = postSolution
		SolutionGuid = {8103D969-012E-4FD0-92A7-7D0D5B80900E}
	EndGlobalSection
EndGlobal
